
Microsoft Visual Studio Solution File, Format Version 12.00
# Visual Studio Version 17
VisualStudioVersion = 17.0.31919.166
MinimumVisualStudioVersion = 10.0.40219.1
Project("{FAE04EC0-301F-11D3-BF4B-00C04F79EFBC}") = "ConsoleApp5", "ConsoleApp5\ConsoleApp5.csproj", "{697D2538-1F86-4BBE-9FD2-FA4560CFAAA0}"
EndProject
Global
	GlobalSection(SolutionConfigurationPlatforms) = preSolution
		Debug|Any CPU = Debug|Any CPU
		Release|Any CPU = Release|Any CPU
	EndGlobalSection
	GlobalSection(ProjectConfigurationPlatforms) = postSolution
		{697D2538-1F86-4BBE-9FD2-FA4560CFAAA0}.Debug|Any CPU.ActiveCfg = Debug|Any CPU
		{697D2538-1F86-4BBE-9FD2-FA4560CFAAA0}.Debug|Any CPU.Build.0 = Debug|Any CPU
		{697D2538-1F86-4BBE-9FD2-FA4560CFAAA0}.Release|Any CPU.ActiveCfg = Release|Any CPU
		{697D2538-1F86-4BBE-9FD2-FA4560CFAAA0}.Release|Any CPU.Build.0 = Release|Any CPU
	EndGlobalSection
	GlobalSection(SolutionProperties) = preSolution
		HideSolutionNode = FALSE
	EndGlobalSection
	GlobalSection(ExtensibilityGlobals) = postSolution
		SolutionGuid = {EDA395DC-D257-4CA8-9EC4-1670F30B3AE5}
	EndGlobalSection
EndGlobal
