
Microsoft Visual Studio Solution File, Format Version 12.00
# Visual Studio Version 17
VisualStudioVersion = 17.0.31919.166
MinimumVisualStudioVersion = 10.0.40219.1
Project("{FAE04EC0-301F-11D3-BF4B-00C04F79EFBC}") = "ConsoleApp3", "ConsoleApp3\ConsoleApp3.csproj", "{A1DCB4CA-342B-43F4-BB48-FE3F283FE1BF}"
EndProject
Global
	GlobalSection(SolutionConfigurationPlatforms) = preSolution
		Debug|Any CPU = Debug|Any CPU
		Release|Any CPU = Release|Any CPU
	EndGlobalSection
	GlobalSection(ProjectConfigurationPlatforms) = postSolution
		{A1DCB4CA-342B-43F4-BB48-FE3F283FE1BF}.Debug|Any CPU.ActiveCfg = Debug|Any CPU
		{A1DCB4CA-342B-43F4-BB48-FE3F283FE1BF}.Debug|Any CPU.Build.0 = Debug|Any CPU
		{A1DCB4CA-342B-43F4-BB48-FE3F283FE1BF}.Release|Any CPU.ActiveCfg = Release|Any CPU
		{A1DCB4CA-342B-43F4-BB48-FE3F283FE1BF}.Release|Any CPU.Build.0 = Release|Any CPU
	EndGlobalSection
	GlobalSection(SolutionProperties) = preSolution
		HideSolutionNode = FALSE
	EndGlobalSection
	GlobalSection(ExtensibilityGlobals) = postSolution
		SolutionGuid = {11F5D3F8-D86D-4904-8382-4B6CE50B2100}
	EndGlobalSection
EndGlobal
