
Microsoft Visual Studio Solution File, Format Version 12.00
# Visual Studio Version 17
VisualStudioVersion = 17.0.31919.166
MinimumVisualStudioVersion = 10.0.40219.1
Project("{FAE04EC0-301F-11D3-BF4B-00C04F79EFBC}") = "ConsoleApp4", "ConsoleApp4\ConsoleApp4.csproj", "{BCB3C321-3D07-470D-AC76-ED3E2FD68B03}"
EndProject
Global
	GlobalSection(SolutionConfigurationPlatforms) = preSolution
		Debug|Any CPU = Debug|Any CPU
		Release|Any CPU = Release|Any CPU
	EndGlobalSection
	GlobalSection(ProjectConfigurationPlatforms) = postSolution
		{BCB3C321-3D07-470D-AC76-ED3E2FD68B03}.Debug|Any CPU.ActiveCfg = Debug|Any CPU
		{BCB3C321-3D07-470D-AC76-ED3E2FD68B03}.Debug|Any CPU.Build.0 = Debug|Any CPU
		{BCB3C321-3D07-470D-AC76-ED3E2FD68B03}.Release|Any CPU.ActiveCfg = Release|Any CPU
		{BCB3C321-3D07-470D-AC76-ED3E2FD68B03}.Release|Any CPU.Build.0 = Release|Any CPU
	EndGlobalSection
	GlobalSection(SolutionProperties) = preSolution
		HideSolutionNode = FALSE
	EndGlobalSection
	GlobalSection(ExtensibilityGlobals) = postSolution
		SolutionGuid = {87374D67-B87C-4D79-B072-6C3AFDE92158}
	EndGlobalSection
EndGlobal
