
Microsoft Visual Studio Solution File, Format Version 12.00
# Visual Studio Version 17
VisualStudioVersion = 17.0.31919.166
MinimumVisualStudioVersion = 10.0.40219.1
Project("{FAE04EC0-301F-11D3-BF4B-00C04F79EFBC}") = "ConsoleApp1", "ConsoleApp1\ConsoleApp1.csproj", "{E0E0C939-F8D7-441A-B71C-E61F43120311}"
EndProject
Global
	GlobalSection(SolutionConfigurationPlatforms) = preSolution
		Debug|Any CPU = Debug|Any CPU
		Release|Any CPU = Release|Any CPU
	EndGlobalSection
	GlobalSection(ProjectConfigurationPlatforms) = postSolution
		{E0E0C939-F8D7-441A-B71C-E61F43120311}.Debug|Any CPU.ActiveCfg = Debug|Any CPU
		{E0E0C939-F8D7-441A-B71C-E61F43120311}.Debug|Any CPU.Build.0 = Debug|Any CPU
		{E0E0C939-F8D7-441A-B71C-E61F43120311}.Release|Any CPU.ActiveCfg = Release|Any CPU
		{E0E0C939-F8D7-441A-B71C-E61F43120311}.Release|Any CPU.Build.0 = Release|Any CPU
	EndGlobalSection
	GlobalSection(SolutionProperties) = preSolution
		HideSolutionNode = FALSE
	EndGlobalSection
	GlobalSection(ExtensibilityGlobals) = postSolution
		SolutionGuid = {A722C033-F336-42DF-8988-6E7B8A94E97F}
	EndGlobalSection
EndGlobal
